// !$*UTF8*$!
{
	archiveVersion = 1;
	classes = {
	};
	objectVersion = 50;
	objects = {

/* Begin PBXBuildFile section */
		0E0565C42732DA5E00E442DA /* Sequence+Numbered.swift in Sources */ = {isa = PBXBuildFile; fileRef = 0E0565C32732DA5E00E442DA /* Sequence+Numbered.swift */; };
		0E0565C62732DB4200E442DA /* MapBoxInfoView.swift in Sources */ = {isa = PBXBuildFile; fileRef = 0E0565C52732DB4200E442DA /* MapBoxInfoView.swift */; };
		0E6C5E9A272F02F100926137 /* MazProjectApp.swift in Sources */ = {isa = PBXBuildFile; fileRef = 0E6C5E99272F02F100926137 /* MazProjectApp.swift */; };
		0E6C5E9E272F02F400926137 /* Assets.xcassets in Resources */ = {isa = PBXBuildFile; fileRef = 0E6C5E9D272F02F400926137 /* Assets.xcassets */; };
		0E6C5EA1272F02F400926137 /* Preview Assets.xcassets in Resources */ = {isa = PBXBuildFile; fileRef = 0E6C5EA0272F02F400926137 /* Preview Assets.xcassets */; };
		0E6C5EA9272F05EC00926137 /* Map.swift in Sources */ = {isa = PBXBuildFile; fileRef = 0E6C5EA8272F05EC00926137 /* Map.swift */; };
		0E6C5EAC272F0A6100926137 /* StringProtocol+lines.swift in Sources */ = {isa = PBXBuildFile; fileRef = 0E6C5EAB272F0A6100926137 /* StringProtocol+lines.swift */; };
		0E6C5EB0272F0C3800926137 /* MapView.swift in Sources */ = {isa = PBXBuildFile; fileRef = 0E6C5EAF272F0C3800926137 /* MapView.swift */; };
		0E6C5EB2272F1C8500926137 /* MapBoxView.swift in Sources */ = {isa = PBXBuildFile; fileRef = 0E6C5EB1272F1C8500926137 /* MapBoxView.swift */; };
		0E6C5EB5272F206300926137 /* Maze.swift in Sources */ = {isa = PBXBuildFile; fileRef = 0E6C5EB4272F206300926137 /* Maze.swift */; };
		0E6C5EB7272F20DF00926137 /* MazeView.swift in Sources */ = {isa = PBXBuildFile; fileRef = 0E6C5EB6272F20DF00926137 /* MazeView.swift */; };
		0E6C5EB9272F24C800926137 /* Point.swift in Sources */ = {isa = PBXBuildFile; fileRef = 0E6C5EB8272F24C800926137 /* Point.swift */; };
		0E6C5EBB272F25A600926137 /* MazeNode.swift in Sources */ = {isa = PBXBuildFile; fileRef = 0E6C5EBA272F25A600926137 /* MazeNode.swift */; };
		0E6C5EBD273093DC00926137 /* SafeCollection.swift in Sources */ = {isa = PBXBuildFile; fileRef = 0E6C5EBC273093DC00926137 /* SafeCollection.swift */; };
/* End PBXBuildFile section */

/* Begin PBXFileReference section */
		0E0565C32732DA5E00E442DA /* Sequence+Numbered.swift */ = {isa = PBXFileReference; lastKnownFileType = sourcecode.swift; path = "Sequence+Numbered.swift"; sourceTree = "<group>"; };
		0E0565C52732DB4200E442DA /* MapBoxInfoView.swift */ = {isa = PBXFileReference; lastKnownFileType = sourcecode.swift; path = MapBoxInfoView.swift; sourceTree = "<group>"; };
		0E6C5E96272F02F100926137 /* MazProject.app */ = {isa = PBXFileReference; explicitFileType = wrapper.application; includeInIndex = 0; path = MazProject.app; sourceTree = BUILT_PRODUCTS_DIR; };
		0E6C5E99272F02F100926137 /* MazProjectApp.swift */ = {isa = PBXFileReference; lastKnownFileType = sourcecode.swift; path = MazProjectApp.swift; sourceTree = "<group>"; };
		0E6C5E9D272F02F400926137 /* Assets.xcassets */ = {isa = PBXFileReference; lastKnownFileType = folder.assetcatalog; path = Assets.xcassets; sourceTree = "<group>"; };
		0E6C5EA0272F02F400926137 /* Preview Assets.xcassets */ = {isa = PBXFileReference; lastKnownFileType = folder.assetcatalog; path = "Preview Assets.xcassets"; sourceTree = "<group>"; };
		0E6C5EA2272F02F400926137 /* Info.plist */ = {isa = PBXFileReference; lastKnownFileType = text.plist.xml; path = Info.plist; sourceTree = "<group>"; };
		0E6C5EA8272F05EC00926137 /* Map.swift */ = {isa = PBXFileReference; lastKnownFileType = sourcecode.swift; path = Map.swift; sourceTree = "<group>"; };
		0E6C5EAB272F0A6100926137 /* StringProtocol+lines.swift */ = {isa = PBXFileReference; lastKnownFileType = sourcecode.swift; path = "StringProtocol+lines.swift"; sourceTree = "<group>"; };
		0E6C5EAF272F0C3800926137 /* MapView.swift */ = {isa = PBXFileReference; lastKnownFileType = sourcecode.swift; path = MapView.swift; sourceTree = "<group>"; };
		0E6C5EB1272F1C8500926137 /* MapBoxView.swift */ = {isa = PBXFileReference; lastKnownFileType = sourcecode.swift; path = MapBoxView.swift; sourceTree = "<group>"; };
		0E6C5EB4272F206300926137 /* Maze.swift */ = {isa = PBXFileReference; lastKnownFileType = sourcecode.swift; path = Maze.swift; sourceTree = "<group>"; };
		0E6C5EB6272F20DF00926137 /* MazeView.swift */ = {isa = PBXFileReference; lastKnownFileType = sourcecode.swift; path = MazeView.swift; sourceTree = "<group>"; };
		0E6C5EB8272F24C800926137 /* Point.swift */ = {isa = PBXFileReference; lastKnownFileType = sourcecode.swift; path = Point.swift; sourceTree = "<group>"; };
		0E6C5EBA272F25A600926137 /* MazeNode.swift */ = {isa = PBXFileReference; lastKnownFileType = sourcecode.swift; path = MazeNode.swift; sourceTree = "<group>"; };
		0E6C5EBC273093DC00926137 /* SafeCollection.swift */ = {isa = PBXFileReference; lastKnownFileType = sourcecode.swift; path = SafeCollection.swift; sourceTree = "<group>"; };
/* End PBXFileReference section */

/* Begin PBXFrameworksBuildPhase section */
		0E6C5E93272F02F100926137 /* Frameworks */ = {
			isa = PBXFrameworksBuildPhase;
			buildActionMask = 2147483647;
			files = (
			);
			runOnlyForDeploymentPostprocessing = 0;
		};
/* End PBXFrameworksBuildPhase section */

/* Begin PBXGroup section */
		0E6C5E8D272F02F100926137 = {
			isa = PBXGroup;
			children = (
				0E6C5E98272F02F100926137 /* MazProject */,
				0E6C5E97272F02F100926137 /* Products */,
			);
			sourceTree = "<group>";
		};
		0E6C5E97272F02F100926137 /* Products */ = {
			isa = PBXGroup;
			children = (
				0E6C5E96272F02F100926137 /* MazProject.app */,
			);
			name = Products;
			sourceTree = "<group>";
		};
		0E6C5E98272F02F100926137 /* MazProject */ = {
			isa = PBXGroup;
			children = (
				0E6C5EB3272F205A00926137 /* Maze */,
				0E6C5EAE272F0C2400926137 /* Map */,
				0E6C5EAA272F094D00926137 /* Helpers */,
				0E6C5E99272F02F100926137 /* MazProjectApp.swift */,
				0E6C5E9D272F02F400926137 /* Assets.xcassets */,
				0E6C5EA2272F02F400926137 /* Info.plist */,
				0E6C5E9F272F02F400926137 /* Preview Content */,
			);
			path = MazProject;
			sourceTree = "<group>";
		};
		0E6C5E9F272F02F400926137 /* Preview Content */ = {
			isa = PBXGroup;
			children = (
				0E6C5EA0272F02F400926137 /* Preview Assets.xcassets */,
			);
			path = "Preview Content";
			sourceTree = "<group>";
		};
		0E6C5EAA272F094D00926137 /* Helpers */ = {
			isa = PBXGroup;
			children = (
				0E6C5EAB272F0A6100926137 /* StringProtocol+lines.swift */,
				0E6C5EBC273093DC00926137 /* SafeCollection.swift */,
				0E0565C32732DA5E00E442DA /* Sequence+Numbered.swift */,
			);
			path = Helpers;
			sourceTree = "<group>";
		};
		0E6C5EAE272F0C2400926137 /* Map */ = {
			isa = PBXGroup;
			children = (
				0E6C5EA8272F05EC00926137 /* Map.swift */,
				0E6C5EAF272F0C3800926137 /* MapView.swift */,
				0E6C5EB1272F1C8500926137 /* MapBoxView.swift */,
				0E6C5EB8272F24C800926137 /* Point.swift */,
				0E0565C52732DB4200E442DA /* MapBoxInfoView.swift */,
			);
			path = Map;
			sourceTree = "<group>";
		};
		0E6C5EB3272F205A00926137 /* Maze */ = {
			isa = PBXGroup;
			children = (
				0E6C5EB4272F206300926137 /* Maze.swift */,
				0E6C5EB6272F20DF00926137 /* MazeView.swift */,
				0E6C5EBA272F25A600926137 /* MazeNode.swift */,
			);
			path = Maze;
			sourceTree = "<group>";
		};
/* End PBXGroup section */

/* Begin PBXNativeTarget section */
		0E6C5E95272F02F100926137 /* MazProject */ = {
			isa = PBXNativeTarget;
			buildConfigurationList = 0E6C5EA5272F02F400926137 /* Build configuration list for PBXNativeTarget "MazProject" */;
			buildPhases = (
				0E6C5E92272F02F100926137 /* Sources */,
				0E6C5E93272F02F100926137 /* Frameworks */,
				0E6C5E94272F02F100926137 /* Resources */,
			);
			buildRules = (
			);
			dependencies = (
			);
			name = MazProject;
			productName = MazProject;
			productReference = 0E6C5E96272F02F100926137 /* MazProject.app */;
			productType = "com.apple.product-type.application";
		};
/* End PBXNativeTarget section */

/* Begin PBXProject section */
		0E6C5E8E272F02F100926137 /* Project object */ = {
			isa = PBXProject;
			attributes = {
				LastSwiftUpdateCheck = 1250;
				LastUpgradeCheck = 1250;
				TargetAttributes = {
					0E6C5E95272F02F100926137 = {
						CreatedOnToolsVersion = 12.5;
					};
				};
			};
			buildConfigurationList = 0E6C5E91272F02F100926137 /* Build configuration list for PBXProject "MazProject" */;
			compatibilityVersion = "Xcode 9.3";
			developmentRegion = en;
			hasScannedForEncodings = 0;
			knownRegions = (
				en,
				Base,
			);
			mainGroup = 0E6C5E8D272F02F100926137;
			productRefGroup = 0E6C5E97272F02F100926137 /* Products */;
			projectDirPath = "";
			projectRoot = "";
			targets = (
				0E6C5E95272F02F100926137 /* MazProject */,
			);
		};
/* End PBXProject section */

/* Begin PBXResourcesBuildPhase section */
		0E6C5E94272F02F100926137 /* Resources */ = {
			isa = PBXResourcesBuildPhase;
			buildActionMask = 2147483647;
			files = (
				0E6C5EA1272F02F400926137 /* Preview Assets.xcassets in Resources */,
				0E6C5E9E272F02F400926137 /* Assets.xcassets in Resources */,
			);
			runOnlyForDeploymentPostprocessing = 0;
		};
/* End PBXResourcesBuildPhase section */

/* Begin PBXSourcesBuildPhase section */
		0E6C5E92272F02F100926137 /* Sources */ = {
			isa = PBXSourcesBuildPhase;
			buildActionMask = 2147483647;
			files = (
				0E6C5EBB272F25A600926137 /* MazeNode.swift in Sources */,
				0E0565C62732DB4200E442DA /* MapBoxInfoView.swift in Sources */,
				0E6C5EB9272F24C800926137 /* Point.swift in Sources */,
				0E6C5EB2272F1C8500926137 /* MapBoxView.swift in Sources */,
				0E0565C42732DA5E00E442DA /* Sequence+Numbered.swift in Sources */,
				0E6C5EAC272F0A6100926137 /* StringProtocol+lines.swift in Sources */,
				0E6C5EB5272F206300926137 /* Maze.swift in Sources */,
				0E6C5EB0272F0C3800926137 /* MapView.swift in Sources */,
				0E6C5EB7272F20DF00926137 /* MazeView.swift in Sources */,
				0E6C5EA9272F05EC00926137 /* Map.swift in Sources */,
				0E6C5EBD273093DC00926137 /* SafeCollection.swift in Sources */,
				0E6C5E9A272F02F100926137 /* MazProjectApp.swift in Sources */,
			);
			runOnlyForDeploymentPostprocessing = 0;
		};
/* End PBXSourcesBuildPhase section */

/* Begin XCBuildConfiguration section */
		0E6C5EA3272F02F400926137 /* Debug */ = {
			isa = XCBuildConfiguration;
			buildSettings = {
				ALWAYS_SEARCH_USER_PATHS = NO;
				CLANG_ANALYZER_NONNULL = YES;
				CLANG_ANALYZER_NUMBER_OBJECT_CONVERSION = YES_AGGRESSIVE;
				CLANG_CXX_LANGUAGE_STANDARD = "gnu++14";
				CLANG_CXX_LIBRARY = "libc++";
				CLANG_ENABLE_MODULES = YES;
				CLANG_ENABLE_OBJC_ARC = YES;
				CLANG_ENABLE_OBJC_WEAK = YES;
				CLANG_WARN_BLOCK_CAPTURE_AUTORELEASING = YES;
				CLANG_WARN_BOOL_CONVERSION = YES;
				CLANG_WARN_COMMA = YES;
				CLANG_WARN_CONSTANT_CONVERSION = YES;
				CLANG_WARN_DEPRECATED_OBJC_IMPLEMENTATIONS = YES;
				CLANG_WARN_DIRECT_OBJC_ISA_USAGE = YES_ERROR;
				CLANG_WARN_DOCUMENTATION_COMMENTS = YES;
				CLANG_WARN_EMPTY_BODY = YES;
				CLANG_WARN_ENUM_CONVERSION = YES;
				CLANG_WARN_INFINITE_RECURSION = YES;
				CLANG_WARN_INT_CONVERSION = YES;
				CLANG_WARN_NON_LITERAL_NULL_CONVERSION = YES;
				CLANG_WARN_OBJC_IMPLICIT_RETAIN_SELF = YES;
				CLANG_WARN_OBJC_LITERAL_CONVERSION = YES;
				CLANG_WARN_OBJC_ROOT_CLASS = YES_ERROR;
				CLANG_WARN_QUOTED_INCLUDE_IN_FRAMEWORK_HEADER = YES;
				CLANG_WARN_RANGE_LOOP_ANALYSIS = YES;
				CLANG_WARN_STRICT_PROTOTYPES = YES;
				CLANG_WARN_SUSPICIOUS_MOVE = YES;
				CLANG_WARN_UNGUARDED_AVAILABILITY = YES_AGGRESSIVE;
				CLANG_WARN_UNREACHABLE_CODE = YES;
				CLANG_WARN__DUPLICATE_METHOD_MATCH = YES;
				COPY_PHASE_STRIP = NO;
				DEBUG_INFORMATION_FORMAT = dwarf;
				ENABLE_STRICT_OBJC_MSGSEND = YES;
				ENABLE_TESTABILITY = YES;
				GCC_C_LANGUAGE_STANDARD = gnu11;
				GCC_DYNAMIC_NO_PIC = NO;
				GCC_NO_COMMON_BLOCKS = YES;
				GCC_OPTIMIZATION_LEVEL = 0;
				GCC_PREPROCESSOR_DEFINITIONS = (
					"DEBUG=1",
					"$(inherited)",
				);
				GCC_WARN_64_TO_32_BIT_CONVERSION = YES;
				GCC_WARN_ABOUT_RETURN_TYPE = YES_ERROR;
				GCC_WARN_UNDECLARED_SELECTOR = YES;
				GCC_WARN_UNINITIALIZED_AUTOS = YES_AGGRESSIVE;
				GCC_WARN_UNUSED_FUNCTION = YES;
				GCC_WARN_UNUSED_VARIABLE = YES;
				IPHONEOS_DEPLOYMENT_TARGET = 14.5;
				MTL_ENABLE_DEBUG_INFO = INCLUDE_SOURCE;
				MTL_FAST_MATH = YES;
				ONLY_ACTIVE_ARCH = YES;
				SDKROOT = iphoneos;
				SWIFT_ACTIVE_COMPILATION_CONDITIONS = DEBUG;
				SWIFT_OPTIMIZATION_LEVEL = "-Onone";
			};
			name = Debug;
		};
		0E6C5EA4272F02F400926137 /* Release */ = {
			isa = XCBuildConfiguration;
			buildSettings = {
				ALWAYS_SEARCH_USER_PATHS = NO;
				CLANG_ANALYZER_NONNULL = YES;
				CLANG_ANALYZER_NUMBER_OBJECT_CONVERSION = YES_AGGRESSIVE;
				CLANG_CXX_LANGUAGE_STANDARD = "gnu++14";
				CLANG_CXX_LIBRARY = "libc++";
				CLANG_ENABLE_MODULES = YES;
				CLANG_ENABLE_OBJC_ARC = YES;
				CLANG_ENABLE_OBJC_WEAK = YES;
				CLANG_WARN_BLOCK_CAPTURE_AUTORELEASING = YES;
				CLANG_WARN_BOOL_CONVERSION = YES;
				CLANG_WARN_COMMA = YES;
				CLANG_WARN_CONSTANT_CONVERSION = YES;
				CLANG_WARN_DEPRECATED_OBJC_IMPLEMENTATIONS = YES;
				CLANG_WARN_DIRECT_OBJC_ISA_USAGE = YES_ERROR;
				CLANG_WARN_DOCUMENTATION_COMMENTS = YES;
				CLANG_WARN_EMPTY_BODY = YES;
				CLANG_WARN_ENUM_CONVERSION = YES;
				CLANG_WARN_INFINITE_RECURSION = YES;
				CLANG_WARN_INT_CONVERSION = YES;
				CLANG_WARN_NON_LITERAL_NULL_CONVERSION = YES;
				CLANG_WARN_OBJC_IMPLICIT_RETAIN_SELF = YES;
				CLANG_WARN_OBJC_LITERAL_CONVERSION = YES;
				CLANG_WARN_OBJC_ROOT_CLASS = YES_ERROR;
				CLANG_WARN_QUOTED_INCLUDE_IN_FRAMEWORK_HEADER = YES;
				CLANG_WARN_RANGE_LOOP_ANALYSIS = YES;
				CLANG_WARN_STRICT_PROTOTYPES = YES;
				CLANG_WARN_SUSPICIOUS_MOVE = YES;
				CLANG_WARN_UNGUARDED_AVAILABILITY = YES_AGGRESSIVE;
				CLANG_WARN_UNREACHABLE_CODE = YES;
				CLANG_WARN__DUPLICATE_METHOD_MATCH = YES;
				COPY_PHASE_STRIP = NO;
				DEBUG_INFORMATION_FORMAT = "dwarf-with-dsym";
				ENABLE_NS_ASSERTIONS = NO;
				ENABLE_STRICT_OBJC_MSGSEND = YES;
				GCC_C_LANGUAGE_STANDARD = gnu11;
				GCC_NO_COMMON_BLOCKS = YES;
				GCC_WARN_64_TO_32_BIT_CONVERSION = YES;
				GCC_WARN_ABOUT_RETURN_TYPE = YES_ERROR;
				GCC_WARN_UNDECLARED_SELECTOR = YES;
				GCC_WARN_UNINITIALIZED_AUTOS = YES_AGGRESSIVE;
				GCC_WARN_UNUSED_FUNCTION = YES;
				GCC_WARN_UNUSED_VARIABLE = YES;
				IPHONEOS_DEPLOYMENT_TARGET = 14.5;
				MTL_ENABLE_DEBUG_INFO = NO;
				MTL_FAST_MATH = YES;
				SDKROOT = iphoneos;
				SWIFT_COMPILATION_MODE = wholemodule;
				SWIFT_OPTIMIZATION_LEVEL = "-O";
				VALIDATE_PRODUCT = YES;
			};
			name = Release;
		};
		0E6C5EA6272F02F400926137 /* Debug */ = {
			isa = XCBuildConfiguration;
			buildSettings = {
				ASSETCATALOG_COMPILER_APPICON_NAME = AppIcon;
				ASSETCATALOG_COMPILER_GLOBAL_ACCENT_COLOR_NAME = AccentColor;
				CODE_SIGN_STYLE = Automatic;
				DEVELOPMENT_ASSET_PATHS = "\"MazProject/Preview Content\"";
				ENABLE_PREVIEWS = YES;
				INFOPLIST_FILE = MazProject/Info.plist;
				IPHONEOS_DEPLOYMENT_TARGET = 14.0;
				LD_RUNPATH_SEARCH_PATHS = (
					"$(inherited)",
					"@executable_path/Frameworks",
				);
				PRODUCT_BUNDLE_IDENTIFIER = com.yannislang.MazProject;
				PRODUCT_NAME = "$(TARGET_NAME)";
				SWIFT_VERSION = 5.0;
				TARGETED_DEVICE_FAMILY = "1,2";
			};
			name = Debug;
		};
		0E6C5EA7272F02F400926137 /* Release */ = {
			isa = XCBuildConfiguration;
			buildSettings = {
				ASSETCATALOG_COMPILER_APPICON_NAME = AppIcon;
				ASSETCATALOG_COMPILER_GLOBAL_ACCENT_COLOR_NAME = AccentColor;
				CODE_SIGN_STYLE = Automatic;
				DEVELOPMENT_ASSET_PATHS = "\"MazProject/Preview Content\"";
				ENABLE_PREVIEWS = YES;
				INFOPLIST_FILE = MazProject/Info.plist;
				IPHONEOS_DEPLOYMENT_TARGET = 14.0;
				LD_RUNPATH_SEARCH_PATHS = (
					"$(inherited)",
					"@executable_path/Frameworks",
				);
				PRODUCT_BUNDLE_IDENTIFIER = com.yannislang.MazProject;
				PRODUCT_NAME = "$(TARGET_NAME)";
				SWIFT_VERSION = 5.0;
				TARGETED_DEVICE_FAMILY = "1,2";
			};
			name = Release;
		};
/* End XCBuildConfiguration section */

/* Begin XCConfigurationList section */
		0E6C5E91272F02F100926137 /* Build configuration list for PBXProject "MazProject" */ = {
			isa = XCConfigurationList;
			buildConfigurations = (
				0E6C5EA3272F02F400926137 /* Debug */,
				0E6C5EA4272F02F400926137 /* Release */,
			);
			defaultConfigurationIsVisible = 0;
			defaultConfigurationName = Release;
		};
		0E6C5EA5272F02F400926137 /* Build configuration list for PBXNativeTarget "MazProject" */ = {
			isa = XCConfigurationList;
			buildConfigurations = (
				0E6C5EA6272F02F400926137 /* Debug */,
				0E6C5EA7272F02F400926137 /* Release */,
			);
			defaultConfigurationIsVisible = 0;
			defaultConfigurationName = Release;
		};
/* End XCConfigurationList section */
	};
	rootObject = 0E6C5E8E272F02F100926137 /* Project object */;
}
